
Microsoft Visual Studio Solution File, Format Version 12.00
# Visual Studio Version 17
VisualStudioVersion = 17.14.36327.8 d17.14
MinimumVisualStudioVersion = 10.0.40219.1
Project("{FAE04EC0-301F-11D3-BF4B-00C04F79EFBC}") = "LoginApp.Api", "LoginApp\LoginApp.Api.csproj", "{40E84EA5-0D5D-4B2A-AB1A-A24BCCC072BB}"
EndProject
Project("{FAE04EC0-301F-11D3-BF4B-00C04F79EFBC}") = "LoginApp.Maui", "LoginApp.Maui\LoginApp.Maui.csproj", "{2A2278E4-CE04-4503-B1E3-ADCF0E9ED714}"
EndProject
Global
	GlobalSection(SolutionConfigurationPlatforms) = preSolution
		Debug|Any CPU = Debug|Any CPU
		Release|Any CPU = Release|Any CPU
	EndGlobalSection
	GlobalSection(ProjectConfigurationPlatforms) = postSolution
		{40E84EA5-0D5D-4B2A-AB1A-A24BCCC072BB}.Debug|Any CPU.ActiveCfg = Debug|Any CPU
		{40E84EA5-0D5D-4B2A-AB1A-A24BCCC072BB}.Debug|Any CPU.Build.0 = Debug|Any CPU
		{40E84EA5-0D5D-4B2A-AB1A-A24BCCC072BB}.Release|Any CPU.ActiveCfg = Release|Any CPU
		{40E84EA5-0D5D-4B2A-AB1A-A24BCCC072BB}.Release|Any CPU.Build.0 = Release|Any CPU
		{2A2278E4-CE04-4503-B1E3-ADCF0E9ED714}.Debug|Any CPU.ActiveCfg = Debug|Any CPU
		{2A2278E4-CE04-4503-B1E3-ADCF0E9ED714}.Debug|Any CPU.Build.0 = Debug|Any CPU
		{2A2278E4-CE04-4503-B1E3-ADCF0E9ED714}.Debug|Any CPU.Deploy.0 = Debug|Any CPU
		{2A2278E4-CE04-4503-B1E3-ADCF0E9ED714}.Release|Any CPU.ActiveCfg = Release|Any CPU
		{2A2278E4-CE04-4503-B1E3-ADCF0E9ED714}.Release|Any CPU.Build.0 = Release|Any CPU
	EndGlobalSection
	GlobalSection(SolutionProperties) = preSolution
		HideSolutionNode = FALSE
	EndGlobalSection
	GlobalSection(ExtensibilityGlobals) = postSolution
		SolutionGuid = {E43026F5-662B-42B7-B8A6-C29C2E851112}
	EndGlobalSection
EndGlobal
